// !$*UTF8*$!
{
	archiveVersion = 1;
	classes = {
	};
	objectVersion = 56;
	objects = {

/* Begin PBXBuildFile section */
		6B2CAAC829CB168D00769542 /* AppDelegate.swift in Sources */ = {isa = PBXBuildFile; fileRef = 6B2CAAC729CB168D00769542 /* AppDelegate.swift */; };
		6B2CAACA29CB168D00769542 /* SceneDelegate.swift in Sources */ = {isa = PBXBuildFile; fileRef = 6B2CAAC929CB168D00769542 /* SceneDelegate.swift */; };
		6B2CAACC29CB168D00769542 /* ViewController.swift in Sources */ = {isa = PBXBuildFile; fileRef = 6B2CAACB29CB168D00769542 /* ViewController.swift */; };
		6B2CAACF29CB168D00769542 /* Main.storyboard in Resources */ = {isa = PBXBuildFile; fileRef = 6B2CAACD29CB168D00769542 /* Main.storyboard */; };
		6B2CAAD129CB168E00769542 /* Assets.xcassets in Resources */ = {isa = PBXBuildFile; fileRef = 6B2CAAD029CB168E00769542 /* Assets.xcassets */; };
		6B2CAAD429CB168E00769542 /* LaunchScreen.storyboard in Resources */ = {isa = PBXBuildFile; fileRef = 6B2CAAD229CB168E00769542 /* LaunchScreen.storyboard */; };
		6B2CAADE29CB1E1300769542 /* HYWenHei.ttf in Resources */ = {isa = PBXBuildFile; fileRef = 6B2CAADD29CB1E1300769542 /* HYWenHei.ttf */; };
		6B2CAAE129CB203C00769542 /* ItemCollectionViewCell.swift in Sources */ = {isa = PBXBuildFile; fileRef = 6B2CAAE029CB203C00769542 /* ItemCollectionViewCell.swift */; };
		6B2CAAE329CB214C00769542 /* InventoryCollectionView.swift in Sources */ = {isa = PBXBuildFile; fileRef = 6B2CAAE229CB214C00769542 /* InventoryCollectionView.swift */; };
		6B2CAAE629CB22B000769542 /* Anchorage in Frameworks */ = {isa = PBXBuildFile; productRef = 6B2CAAE529CB22B000769542 /* Anchorage */; };
		6B2CAAE929CB257900769542 /* InventoryViewController.swift in Sources */ = {isa = PBXBuildFile; fileRef = 6B2CAAE829CB257900769542 /* InventoryViewController.swift */; };
		6B2CAAEC29CB410300769542 /* shader.metal in Sources */ = {isa = PBXBuildFile; fileRef = 6B2CAAEB29CB410300769542 /* shader.metal */; };
		6B2CAAF029CB4AAA00769542 /* GradientFlowRenderer.swift in Sources */ = {isa = PBXBuildFile; fileRef = 6B2CAAEF29CB4AAA00769542 /* GradientFlowRenderer.swift */; };
		6B2CAAF229CB4ADA00769542 /* UIColor+toFloat4.swift in Sources */ = {isa = PBXBuildFile; fileRef = 6B2CAAF129CB4ADA00769542 /* UIColor+toFloat4.swift */; };
		6B2CAAF629CB500600769542 /* GradientFlowView.swift in Sources */ = {isa = PBXBuildFile; fileRef = 6B2CAAF529CB500600769542 /* GradientFlowView.swift */; };
		6B2CAAF829CB50F600769542 /* GradientFlowUIViewController.swift in Sources */ = {isa = PBXBuildFile; fileRef = 6B2CAAF729CB50F600769542 /* GradientFlowUIViewController.swift */; };
/* End PBXBuildFile section */

/* Begin PBXFileReference section */
		6B2CAAC429CB168D00769542 /* Menu UIKit.app */ = {isa = PBXFileReference; explicitFileType = wrapper.application; includeInIndex = 0; path = "Menu UIKit.app"; sourceTree = BUILT_PRODUCTS_DIR; };
		6B2CAAC729CB168D00769542 /* AppDelegate.swift */ = {isa = PBXFileReference; lastKnownFileType = sourcecode.swift; path = AppDelegate.swift; sourceTree = "<group>"; };
		6B2CAAC929CB168D00769542 /* SceneDelegate.swift */ = {isa = PBXFileReference; lastKnownFileType = sourcecode.swift; path = SceneDelegate.swift; sourceTree = "<group>"; };
		6B2CAACB29CB168D00769542 /* ViewController.swift */ = {isa = PBXFileReference; lastKnownFileType = sourcecode.swift; path = ViewController.swift; sourceTree = "<group>"; };
		6B2CAACE29CB168D00769542 /* Base */ = {isa = PBXFileReference; lastKnownFileType = file.storyboard; name = Base; path = Base.lproj/Main.storyboard; sourceTree = "<group>"; };
		6B2CAAD029CB168E00769542 /* Assets.xcassets */ = {isa = PBXFileReference; lastKnownFileType = folder.assetcatalog; path = Assets.xcassets; sourceTree = "<group>"; };
		6B2CAAD329CB168E00769542 /* Base */ = {isa = PBXFileReference; lastKnownFileType = file.storyboard; name = Base; path = Base.lproj/LaunchScreen.storyboard; sourceTree = "<group>"; };
		6B2CAAD529CB168E00769542 /* Info.plist */ = {isa = PBXFileReference; lastKnownFileType = text.plist.xml; path = Info.plist; sourceTree = "<group>"; };
		6B2CAADD29CB1E1300769542 /* HYWenHei.ttf */ = {isa = PBXFileReference; lastKnownFileType = file; path = HYWenHei.ttf; sourceTree = "<group>"; };
		6B2CAAE029CB203C00769542 /* ItemCollectionViewCell.swift */ = {isa = PBXFileReference; lastKnownFileType = sourcecode.swift; path = ItemCollectionViewCell.swift; sourceTree = "<group>"; };
		6B2CAAE229CB214C00769542 /* InventoryCollectionView.swift */ = {isa = PBXFileReference; lastKnownFileType = sourcecode.swift; path = InventoryCollectionView.swift; sourceTree = "<group>"; };
		6B2CAAE829CB257900769542 /* InventoryViewController.swift */ = {isa = PBXFileReference; lastKnownFileType = sourcecode.swift; path = InventoryViewController.swift; sourceTree = "<group>"; };
		6B2CAAEB29CB410300769542 /* shader.metal */ = {isa = PBXFileReference; lastKnownFileType = sourcecode.metal; path = shader.metal; sourceTree = "<group>"; };
		6B2CAAEF29CB4AAA00769542 /* GradientFlowRenderer.swift */ = {isa = PBXFileReference; lastKnownFileType = sourcecode.swift; path = GradientFlowRenderer.swift; sourceTree = "<group>"; };
		6B2CAAF129CB4ADA00769542 /* UIColor+toFloat4.swift */ = {isa = PBXFileReference; lastKnownFileType = sourcecode.swift; path = "UIColor+toFloat4.swift"; sourceTree = "<group>"; };
		6B2CAAF529CB500600769542 /* GradientFlowView.swift */ = {isa = PBXFileReference; lastKnownFileType = sourcecode.swift; path = GradientFlowView.swift; sourceTree = "<group>"; };
		6B2CAAF729CB50F600769542 /* GradientFlowUIViewController.swift */ = {isa = PBXFileReference; lastKnownFileType = sourcecode.swift; path = GradientFlowUIViewController.swift; sourceTree = "<group>"; };
/* End PBXFileReference section */

/* Begin PBXFrameworksBuildPhase section */
		6B2CAAC129CB168D00769542 /* Frameworks */ = {
			isa = PBXFrameworksBuildPhase;
			buildActionMask = 2147483647;
			files = (
				6B2CAAE629CB22B000769542 /* Anchorage in Frameworks */,
			);
			runOnlyForDeploymentPostprocessing = 0;
		};
/* End PBXFrameworksBuildPhase section */

/* Begin PBXGroup section */
		6B2CAABB29CB168D00769542 = {
			isa = PBXGroup;
			children = (
				6B2CAAC629CB168D00769542 /* App */,
				6B2CAAED29CB4A8D00769542 /* Extension */,
				6B2CAAEA29CB40F500769542 /* Metal */,
				6B2CAAE729CB252A00769542 /* View Controller */,
				6B2CAADF29CB201000769542 /* View */,
				6B2CAAC529CB168D00769542 /* Products */,
			);
			sourceTree = "<group>";
		};
		6B2CAAC529CB168D00769542 /* Products */ = {
			isa = PBXGroup;
			children = (
				6B2CAAC429CB168D00769542 /* Menu UIKit.app */,
			);
			name = Products;
			sourceTree = "<group>";
		};
		6B2CAAC629CB168D00769542 /* App */ = {
			isa = PBXGroup;
			children = (
				6B2CAAC729CB168D00769542 /* AppDelegate.swift */,
				6B2CAAC929CB168D00769542 /* SceneDelegate.swift */,
				6B2CAACB29CB168D00769542 /* ViewController.swift */,
				6B2CAADB29CB1DF500769542 /* Design */,
			);
			path = App;
			sourceTree = "<group>";
		};
		6B2CAADB29CB1DF500769542 /* Design */ = {
			isa = PBXGroup;
			children = (
				6B2CAAD529CB168E00769542 /* Info.plist */,
				6B2CAADC29CB1E0400769542 /* Font */,
				6B2CAACD29CB168D00769542 /* Main.storyboard */,
				6B2CAAD029CB168E00769542 /* Assets.xcassets */,
				6B2CAAD229CB168E00769542 /* LaunchScreen.storyboard */,
			);
			path = Design;
			sourceTree = "<group>";
		};
		6B2CAADC29CB1E0400769542 /* Font */ = {
			isa = PBXGroup;
			children = (
				6B2CAADD29CB1E1300769542 /* HYWenHei.ttf */,
			);
			path = Font;
			sourceTree = "<group>";
		};
		6B2CAADF29CB201000769542 /* View */ = {
			isa = PBXGroup;
			children = (
				6B2CAAE229CB214C00769542 /* InventoryCollectionView.swift */,
				6B2CAAE029CB203C00769542 /* ItemCollectionViewCell.swift */,
			);
			path = View;
			sourceTree = "<group>";
		};
		6B2CAAE729CB252A00769542 /* View Controller */ = {
			isa = PBXGroup;
			children = (
				6B2CAAE829CB257900769542 /* InventoryViewController.swift */,
			);
			path = "View Controller";
			sourceTree = "<group>";
		};
		6B2CAAEA29CB40F500769542 /* Metal */ = {
			isa = PBXGroup;
			children = (
				6B2CAAF429CB4FA400769542 /* View */,
				6B2CAAEE29CB4AA000769542 /* Renderer */,
				6B2CAAF329CB4C2B00769542 /* Shader */,
			);
			path = Metal;
			sourceTree = "<group>";
		};
		6B2CAAED29CB4A8D00769542 /* Extension */ = {
			isa = PBXGroup;
			children = (
				6B2CAAF129CB4ADA00769542 /* UIColor+toFloat4.swift */,
			);
			path = Extension;
			sourceTree = "<group>";
		};
		6B2CAAEE29CB4AA000769542 /* Renderer */ = {
			isa = PBXGroup;
			children = (
				6B2CAAEF29CB4AAA00769542 /* GradientFlowRenderer.swift */,
			);
			path = Renderer;
			sourceTree = "<group>";
		};
		6B2CAAF329CB4C2B00769542 /* Shader */ = {
			isa = PBXGroup;
			children = (
				6B2CAAEB29CB410300769542 /* shader.metal */,
			);
			path = Shader;
			sourceTree = "<group>";
		};
		6B2CAAF429CB4FA400769542 /* View */ = {
			isa = PBXGroup;
			children = (
				6B2CAAF529CB500600769542 /* GradientFlowView.swift */,
				6B2CAAF729CB50F600769542 /* GradientFlowUIViewController.swift */,
			);
			path = View;
			sourceTree = "<group>";
		};
/* End PBXGroup section */

/* Begin PBXNativeTarget section */
		6B2CAAC329CB168D00769542 /* Menu UIKit */ = {
			isa = PBXNativeTarget;
			buildConfigurationList = 6B2CAAD829CB168E00769542 /* Build configuration list for PBXNativeTarget "Menu UIKit" */;
			buildPhases = (
				6B2CAAF929CB688600769542 /* ShellScript */,
				6B2CAAC029CB168D00769542 /* Sources */,
				6B2CAAC129CB168D00769542 /* Frameworks */,
				6B2CAAC229CB168D00769542 /* Resources */,
			);
			buildRules = (
			);
			dependencies = (
			);
			name = "Menu UIKit";
			packageProductDependencies = (
				6B2CAAE529CB22B000769542 /* Anchorage */,
			);
			productName = "Menu UIKit";
			productReference = 6B2CAAC429CB168D00769542 /* Menu UIKit.app */;
			productType = "com.apple.product-type.application";
		};
/* End PBXNativeTarget section */

/* Begin PBXProject section */
		6B2CAABC29CB168D00769542 /* Project object */ = {
			isa = PBXProject;
			attributes = {
				BuildIndependentTargetsInParallel = 1;
				LastSwiftUpdateCheck = 1420;
				LastUpgradeCheck = 1420;
				TargetAttributes = {
					6B2CAAC329CB168D00769542 = {
						CreatedOnToolsVersion = 14.2;
					};
				};
			};
			buildConfigurationList = 6B2CAABF29CB168D00769542 /* Build configuration list for PBXProject "Menu UIKit" */;
			compatibilityVersion = "Xcode 14.0";
			developmentRegion = en;
			hasScannedForEncodings = 0;
			knownRegions = (
				en,
				Base,
			);
			mainGroup = 6B2CAABB29CB168D00769542;
			packageReferences = (
				6B2CAAE429CB22B000769542 /* XCRemoteSwiftPackageReference "Anchorage" */,
			);
			productRefGroup = 6B2CAAC529CB168D00769542 /* Products */;
			projectDirPath = "";
			projectRoot = "";
			targets = (
				6B2CAAC329CB168D00769542 /* Menu UIKit */,
			);
		};
/* End PBXProject section */

/* Begin PBXResourcesBuildPhase section */
		6B2CAAC229CB168D00769542 /* Resources */ = {
			isa = PBXResourcesBuildPhase;
			buildActionMask = 2147483647;
			files = (
				6B2CAAD429CB168E00769542 /* LaunchScreen.storyboard in Resources */,
				6B2CAADE29CB1E1300769542 /* HYWenHei.ttf in Resources */,
				6B2CAAD129CB168E00769542 /* Assets.xcassets in Resources */,
				6B2CAACF29CB168D00769542 /* Main.storyboard in Resources */,
			);
			runOnlyForDeploymentPostprocessing = 0;
		};
/* End PBXResourcesBuildPhase section */

/* Begin PBXShellScriptBuildPhase section */
		6B2CAAF929CB688600769542 /* ShellScript */ = {
			isa = PBXShellScriptBuildPhase;
			alwaysOutOfDate = 1;
			buildActionMask = 2147483647;
			files = (
			);
			inputFileListPaths = (
			);
			inputPaths = (
			);
			outputFileListPaths = (
			);
			outputPaths = (
			);
			runOnlyForDeploymentPostprocessing = 0;
			shellPath = /bin/sh;
			shellScript = "PATH=/opt/homebrew/bin:$PATH\nif [ -f ~/com.raywenderlich.swiftlint.yml ]; then\n  if which swiftlint >/dev/null; then\n    swiftlint --no-cache --config ~/com.raywenderlich.swiftlint.yml\n  fi\nfi\n";
		};
/* End PBXShellScriptBuildPhase section */

/* Begin PBXSourcesBuildPhase section */
		6B2CAAC029CB168D00769542 /* Sources */ = {
			isa = PBXSourcesBuildPhase;
			buildActionMask = 2147483647;
			files = (
				6B2CAACC29CB168D00769542 /* ViewController.swift in Sources */,
				6B2CAAE929CB257900769542 /* InventoryViewController.swift in Sources */,
				6B2CAAE129CB203C00769542 /* ItemCollectionViewCell.swift in Sources */,
				6B2CAAF829CB50F600769542 /* GradientFlowUIViewController.swift in Sources */,
				6B2CAAC829CB168D00769542 /* AppDelegate.swift in Sources */,
				6B2CAAE329CB214C00769542 /* InventoryCollectionView.swift in Sources */,
				6B2CAACA29CB168D00769542 /* SceneDelegate.swift in Sources */,
				6B2CAAF629CB500600769542 /* GradientFlowView.swift in Sources */,
				6B2CAAF229CB4ADA00769542 /* UIColor+toFloat4.swift in Sources */,
				6B2CAAF029CB4AAA00769542 /* GradientFlowRenderer.swift in Sources */,
				6B2CAAEC29CB410300769542 /* shader.metal in Sources */,
			);
			runOnlyForDeploymentPostprocessing = 0;
		};
/* End PBXSourcesBuildPhase section */

/* Begin PBXVariantGroup section */
		6B2CAACD29CB168D00769542 /* Main.storyboard */ = {
			isa = PBXVariantGroup;
			children = (
				6B2CAACE29CB168D00769542 /* Base */,
			);
			name = Main.storyboard;
			sourceTree = "<group>";
		};
		6B2CAAD229CB168E00769542 /* LaunchScreen.storyboard */ = {
			isa = PBXVariantGroup;
			children = (
				6B2CAAD329CB168E00769542 /* Base */,
			);
			name = LaunchScreen.storyboard;
			sourceTree = "<group>";
		};
/* End PBXVariantGroup section */

/* Begin XCBuildConfiguration section */
		6B2CAAD629CB168E00769542 /* Debug */ = {
			isa = XCBuildConfiguration;
			buildSettings = {
				ALWAYS_SEARCH_USER_PATHS = NO;
				CLANG_ANALYZER_NONNULL = YES;
				CLANG_ANALYZER_NUMBER_OBJECT_CONVERSION = YES_AGGRESSIVE;
				CLANG_CXX_LANGUAGE_STANDARD = "gnu++20";
				CLANG_ENABLE_MODULES = YES;
				CLANG_ENABLE_OBJC_ARC = YES;
				CLANG_ENABLE_OBJC_WEAK = YES;
				CLANG_WARN_BLOCK_CAPTURE_AUTORELEASING = YES;
				CLANG_WARN_BOOL_CONVERSION = YES;
				CLANG_WARN_COMMA = YES;
				CLANG_WARN_CONSTANT_CONVERSION = YES;
				CLANG_WARN_DEPRECATED_OBJC_IMPLEMENTATIONS = YES;
				CLANG_WARN_DIRECT_OBJC_ISA_USAGE = YES_ERROR;
				CLANG_WARN_DOCUMENTATION_COMMENTS = YES;
				CLANG_WARN_EMPTY_BODY = YES;
				CLANG_WARN_ENUM_CONVERSION = YES;
				CLANG_WARN_INFINITE_RECURSION = YES;
				CLANG_WARN_INT_CONVERSION = YES;
				CLANG_WARN_NON_LITERAL_NULL_CONVERSION = YES;
				CLANG_WARN_OBJC_IMPLICIT_RETAIN_SELF = YES;
				CLANG_WARN_OBJC_LITERAL_CONVERSION = YES;
				CLANG_WARN_OBJC_ROOT_CLASS = YES_ERROR;
				CLANG_WARN_QUOTED_INCLUDE_IN_FRAMEWORK_HEADER = YES;
				CLANG_WARN_RANGE_LOOP_ANALYSIS = YES;
				CLANG_WARN_STRICT_PROTOTYPES = YES;
				CLANG_WARN_SUSPICIOUS_MOVE = YES;
				CLANG_WARN_UNGUARDED_AVAILABILITY = YES_AGGRESSIVE;
				CLANG_WARN_UNREACHABLE_CODE = YES;
				CLANG_WARN__DUPLICATE_METHOD_MATCH = YES;
				COPY_PHASE_STRIP = NO;
				DEBUG_INFORMATION_FORMAT = dwarf;
				ENABLE_STRICT_OBJC_MSGSEND = YES;
				ENABLE_TESTABILITY = YES;
				GCC_C_LANGUAGE_STANDARD = gnu11;
				GCC_DYNAMIC_NO_PIC = NO;
				GCC_NO_COMMON_BLOCKS = YES;
				GCC_OPTIMIZATION_LEVEL = 0;
				GCC_PREPROCESSOR_DEFINITIONS = (
					"DEBUG=1",
					"$(inherited)",
				);
				GCC_WARN_64_TO_32_BIT_CONVERSION = YES;
				GCC_WARN_ABOUT_RETURN_TYPE = YES_ERROR;
				GCC_WARN_UNDECLARED_SELECTOR = YES;
				GCC_WARN_UNINITIALIZED_AUTOS = YES_AGGRESSIVE;
				GCC_WARN_UNUSED_FUNCTION = YES;
				GCC_WARN_UNUSED_VARIABLE = YES;
				IPHONEOS_DEPLOYMENT_TARGET = 16.2;
				MTL_ENABLE_DEBUG_INFO = INCLUDE_SOURCE;
				MTL_FAST_MATH = YES;
				ONLY_ACTIVE_ARCH = YES;
				SDKROOT = iphoneos;
				SWIFT_ACTIVE_COMPILATION_CONDITIONS = DEBUG;
				SWIFT_OPTIMIZATION_LEVEL = "-Onone";
			};
			name = Debug;
		};
		6B2CAAD729CB168E00769542 /* Release */ = {
			isa = XCBuildConfiguration;
			buildSettings = {
				ALWAYS_SEARCH_USER_PATHS = NO;
				CLANG_ANALYZER_NONNULL = YES;
				CLANG_ANALYZER_NUMBER_OBJECT_CONVERSION = YES_AGGRESSIVE;
				CLANG_CXX_LANGUAGE_STANDARD = "gnu++20";
				CLANG_ENABLE_MODULES = YES;
				CLANG_ENABLE_OBJC_ARC = YES;
				CLANG_ENABLE_OBJC_WEAK = YES;
				CLANG_WARN_BLOCK_CAPTURE_AUTORELEASING = YES;
				CLANG_WARN_BOOL_CONVERSION = YES;
				CLANG_WARN_COMMA = YES;
				CLANG_WARN_CONSTANT_CONVERSION = YES;
				CLANG_WARN_DEPRECATED_OBJC_IMPLEMENTATIONS = YES;
				CLANG_WARN_DIRECT_OBJC_ISA_USAGE = YES_ERROR;
				CLANG_WARN_DOCUMENTATION_COMMENTS = YES;
				CLANG_WARN_EMPTY_BODY = YES;
				CLANG_WARN_ENUM_CONVERSION = YES;
				CLANG_WARN_INFINITE_RECURSION = YES;
				CLANG_WARN_INT_CONVERSION = YES;
				CLANG_WARN_NON_LITERAL_NULL_CONVERSION = YES;
				CLANG_WARN_OBJC_IMPLICIT_RETAIN_SELF = YES;
				CLANG_WARN_OBJC_LITERAL_CONVERSION = YES;
				CLANG_WARN_OBJC_ROOT_CLASS = YES_ERROR;
				CLANG_WARN_QUOTED_INCLUDE_IN_FRAMEWORK_HEADER = YES;
				CLANG_WARN_RANGE_LOOP_ANALYSIS = YES;
				CLANG_WARN_STRICT_PROTOTYPES = YES;
				CLANG_WARN_SUSPICIOUS_MOVE = YES;
				CLANG_WARN_UNGUARDED_AVAILABILITY = YES_AGGRESSIVE;
				CLANG_WARN_UNREACHABLE_CODE = YES;
				CLANG_WARN__DUPLICATE_METHOD_MATCH = YES;
				COPY_PHASE_STRIP = NO;
				DEBUG_INFORMATION_FORMAT = "dwarf-with-dsym";
				ENABLE_NS_ASSERTIONS = NO;
				ENABLE_STRICT_OBJC_MSGSEND = YES;
				GCC_C_LANGUAGE_STANDARD = gnu11;
				GCC_NO_COMMON_BLOCKS = YES;
				GCC_WARN_64_TO_32_BIT_CONVERSION = YES;
				GCC_WARN_ABOUT_RETURN_TYPE = YES_ERROR;
				GCC_WARN_UNDECLARED_SELECTOR = YES;
				GCC_WARN_UNINITIALIZED_AUTOS = YES_AGGRESSIVE;
				GCC_WARN_UNUSED_FUNCTION = YES;
				GCC_WARN_UNUSED_VARIABLE = YES;
				IPHONEOS_DEPLOYMENT_TARGET = 16.2;
				MTL_ENABLE_DEBUG_INFO = NO;
				MTL_FAST_MATH = YES;
				SDKROOT = iphoneos;
				SWIFT_COMPILATION_MODE = wholemodule;
				SWIFT_OPTIMIZATION_LEVEL = "-O";
				VALIDATE_PRODUCT = YES;
			};
			name = Release;
		};
		6B2CAAD929CB168E00769542 /* Debug */ = {
			isa = XCBuildConfiguration;
			buildSettings = {
				ASSETCATALOG_COMPILER_APPICON_NAME = AppIcon;
				ASSETCATALOG_COMPILER_GLOBAL_ACCENT_COLOR_NAME = AccentColor;
				CODE_SIGN_STYLE = Automatic;
				CURRENT_PROJECT_VERSION = 1;
				DEVELOPMENT_TEAM = HB4FTR388G;
				GENERATE_INFOPLIST_FILE = YES;
				INFOPLIST_FILE = App/Design/Info.plist;
				INFOPLIST_KEY_UIApplicationSupportsIndirectInputEvents = YES;
				INFOPLIST_KEY_UILaunchStoryboardName = LaunchScreen;
				INFOPLIST_KEY_UIMainStoryboardFile = Main;
				INFOPLIST_KEY_UIStatusBarStyle = UIStatusBarStyleLightContent;
				INFOPLIST_KEY_UISupportedInterfaceOrientations_iPad = "UIInterfaceOrientationPortrait UIInterfaceOrientationPortraitUpsideDown UIInterfaceOrientationLandscapeLeft UIInterfaceOrientationLandscapeRight";
				INFOPLIST_KEY_UISupportedInterfaceOrientations_iPhone = "UIInterfaceOrientationPortrait UIInterfaceOrientationLandscapeLeft UIInterfaceOrientationLandscapeRight";
				LD_RUNPATH_SEARCH_PATHS = (
					"$(inherited)",
					"@executable_path/Frameworks",
				);
				MARKETING_VERSION = 1.0;
				PRODUCT_BUNDLE_IDENTIFIER = "com.chatdep.example.Menu-UIKit";
				PRODUCT_NAME = "$(TARGET_NAME)";
				SWIFT_EMIT_LOC_STRINGS = YES;
				SWIFT_VERSION = 5.0;
				TARGETED_DEVICE_FAMILY = "1,2";
			};
			name = Debug;
		};
		6B2CAADA29CB168E00769542 /* Release */ = {
			isa = XCBuildConfiguration;
			buildSettings = {
				ASSETCATALOG_COMPILER_APPICON_NAME = AppIcon;
				ASSETCATALOG_COMPILER_GLOBAL_ACCENT_COLOR_NAME = AccentColor;
				CODE_SIGN_STYLE = Automatic;
				CURRENT_PROJECT_VERSION = 1;
				DEVELOPMENT_TEAM = HB4FTR388G;
				GENERATE_INFOPLIST_FILE = YES;
				INFOPLIST_FILE = App/Design/Info.plist;
				INFOPLIST_KEY_UIApplicationSupportsIndirectInputEvents = YES;
				INFOPLIST_KEY_UILaunchStoryboardName = LaunchScreen;
				INFOPLIST_KEY_UIMainStoryboardFile = Main;
				INFOPLIST_KEY_UIStatusBarStyle = UIStatusBarStyleLightContent;
				INFOPLIST_KEY_UISupportedInterfaceOrientations_iPad = "UIInterfaceOrientationPortrait UIInterfaceOrientationPortraitUpsideDown UIInterfaceOrientationLandscapeLeft UIInterfaceOrientationLandscapeRight";
				INFOPLIST_KEY_UISupportedInterfaceOrientations_iPhone = "UIInterfaceOrientationPortrait UIInterfaceOrientationLandscapeLeft UIInterfaceOrientationLandscapeRight";
				LD_RUNPATH_SEARCH_PATHS = (
					"$(inherited)",
					"@executable_path/Frameworks",
				);
				MARKETING_VERSION = 1.0;
				PRODUCT_BUNDLE_IDENTIFIER = "com.chatdep.example.Menu-UIKit";
				PRODUCT_NAME = "$(TARGET_NAME)";
				SWIFT_EMIT_LOC_STRINGS = YES;
				SWIFT_VERSION = 5.0;
				TARGETED_DEVICE_FAMILY = "1,2";
			};
			name = Release;
		};
/* End XCBuildConfiguration section */

/* Begin XCConfigurationList section */
		6B2CAABF29CB168D00769542 /* Build configuration list for PBXProject "Menu UIKit" */ = {
			isa = XCConfigurationList;
			buildConfigurations = (
				6B2CAAD629CB168E00769542 /* Debug */,
				6B2CAAD729CB168E00769542 /* Release */,
			);
			defaultConfigurationIsVisible = 0;
			defaultConfigurationName = Release;
		};
		6B2CAAD829CB168E00769542 /* Build configuration list for PBXNativeTarget "Menu UIKit" */ = {
			isa = XCConfigurationList;
			buildConfigurations = (
				6B2CAAD929CB168E00769542 /* Debug */,
				6B2CAADA29CB168E00769542 /* Release */,
			);
			defaultConfigurationIsVisible = 0;
			defaultConfigurationName = Release;
		};
/* End XCConfigurationList section */

/* Begin XCRemoteSwiftPackageReference section */
		6B2CAAE429CB22B000769542 /* XCRemoteSwiftPackageReference "Anchorage" */ = {
			isa = XCRemoteSwiftPackageReference;
			repositoryURL = "https://github.com/Rightpoint/Anchorage";
			requirement = {
				kind = upToNextMajorVersion;
				minimumVersion = 4.0.0;
			};
		};
/* End XCRemoteSwiftPackageReference section */

/* Begin XCSwiftPackageProductDependency section */
		6B2CAAE529CB22B000769542 /* Anchorage */ = {
			isa = XCSwiftPackageProductDependency;
			package = 6B2CAAE429CB22B000769542 /* XCRemoteSwiftPackageReference "Anchorage" */;
			productName = Anchorage;
		};
/* End XCSwiftPackageProductDependency section */
	};
	rootObject = 6B2CAABC29CB168D00769542 /* Project object */;
}
